
Microsoft Visual Studio Solution File, Format Version 12.00
# Visual Studio Version 16
VisualStudioVersion = 16.0.31829.152
MinimumVisualStudioVersion = 10.0.40219.1
Project("{FAE04EC0-301F-11D3-BF4B-00C04F79EFBC}") = "Task16", "Task16\Task16.csproj", "{B33D4ADF-A4D1-4C91-A6A0-CA6A119F6887}"
EndProject
Global
	GlobalSection(SolutionConfigurationPlatforms) = preSolution
		Debug|Any CPU = Debug|Any CPU
		Release|Any CPU = Release|Any CPU
	EndGlobalSection
	GlobalSection(ProjectConfigurationPlatforms) = postSolution
		{B33D4ADF-A4D1-4C91-A6A0-CA6A119F6887}.Debug|Any CPU.ActiveCfg = Debug|Any CPU
		{B33D4ADF-A4D1-4C91-A6A0-CA6A119F6887}.Debug|Any CPU.Build.0 = Debug|Any CPU
		{B33D4ADF-A4D1-4C91-A6A0-CA6A119F6887}.Release|Any CPU.ActiveCfg = Release|Any CPU
		{B33D4ADF-A4D1-4C91-A6A0-CA6A119F6887}.Release|Any CPU.Build.0 = Release|Any CPU
	EndGlobalSection
	GlobalSection(SolutionProperties) = preSolution
		HideSolutionNode = FALSE
	EndGlobalSection
	GlobalSection(ExtensibilityGlobals) = postSolution
		SolutionGuid = {1264EA6F-725E-4FD0-978F-A19DDC6683E4}
	EndGlobalSection
EndGlobal
